
Microsoft Visual Studio Solution File, Format Version 12.00
# Visual Studio Version 16
VisualStudioVersion = 16.0.29020.237
MinimumVisualStudioVersion = 10.0.40219.1
Project("{FAE04EC0-301F-11D3-BF4B-00C04F79EFBC}") = "ConsoleApp1", "ConsoleApp1\ConsoleApp1.csproj", "{7AEA2D3F-A81E-47C0-972E-0E8491C80175}"
EndProject
Global
	GlobalSection(SolutionConfigurationPlatforms) = preSolution
		Debug|Any CPU = Debug|Any CPU
		Release|Any CPU = Release|Any CPU
	EndGlobalSection
	GlobalSection(ProjectConfigurationPlatforms) = postSolution
		{7AEA2D3F-A81E-47C0-972E-0E8491C80175}.Debug|Any CPU.ActiveCfg = Debug|Any CPU
		{7AEA2D3F-A81E-47C0-972E-0E8491C80175}.Debug|Any CPU.Build.0 = Debug|Any CPU
		{7AEA2D3F-A81E-47C0-972E-0E8491C80175}.Release|Any CPU.ActiveCfg = Release|Any CPU
		{7AEA2D3F-A81E-47C0-972E-0E8491C80175}.Release|Any CPU.Build.0 = Release|Any CPU
	EndGlobalSection
	GlobalSection(SolutionProperties) = preSolution
		HideSolutionNode = FALSE
	EndGlobalSection
	GlobalSection(ExtensibilityGlobals) = postSolution
		SolutionGuid = {CA01C0C1-1045-462F-BE27-18D5F1FC91A2}
	EndGlobalSection
EndGlobal
